<Solution>
    <Configurations>
        <Platform Name="Any CPU"/>
        <Platform Name="x64"/>
        <Platform Name="x86"/>
    </Configurations>
    <Folder Name="/Solution Items/">
        <File Path="Directory.Packages.props"/>
        <File Path="global.json"/>
        <File Path="nuget.config"/>
        <File Path="version.json"/>
        <File Path=".editorconfig"/>
    </Folder>
    <Folder Name="/src/Parser/">
        <Project Path="src/Parser/Cs2DemoKit.Parser/Cs2DemoKit.Parser.csproj"/>
        <Project Path="src/Parser/Cs2DemoKit.Parser.Tests/Cs2DemoKit.Parser.Tests.csproj"/>
    </Folder>
    <Folder Name="/src/"/>
    <Folder Name="/src/Analysis/">
        <Project Path="src/Analysis/Cs2DemoKit.Analysis/Cs2DemoKit.Analysis.csproj"/>
        <Project Path="src/Analysis/Cs2DemoKit.Analysis.Rules/Cs2DemoKit.Analysis.Rules.csproj"/>
        <Project Path="src/Analysis/Cs2DemoKit.Analysis.Tests/Cs2DemoKit.Analysis.Tests.csproj"/>
    </Folder>
    <Folder Name="/src/App/">
        <Project Path="src/App/DemoViewer.NET.UiCapture/DemoViewer.NET.UiCapture.csproj"/>
        <Project Path="src/App/DemoViewer.NET/DemoViewer.NET.csproj"/>
        <Project Path="src/App/DemoViewer.NET.Modules.Abstractions/DemoViewer.NET.Modules.Abstractions.csproj"/>
        <Project Path="src/App/DemoViewer.NET.LiveSync/DemoViewer.NET.LiveSync.csproj"/>
        <Project Path="src/App/DemoViewer.NET.Desktop/DemoViewer.NET.Desktop.csproj"/>
        <Project Path="src/App/DemoViewer.NET.Browser/DemoViewer.NET.Browser.csproj"/>
        <Project Path="src/App/DemoViewer.NET.App.Tests/DemoViewer.NET.App.Tests.csproj"/>
    </Folder>
    <Folder Name="/src/Testing/">
        <Project Path="src/Testing/DemoViewer.NET.TestSupport/DemoViewer.NET.TestSupport.csproj"/>
        <Project Path="src/Testing/DemoViewer.NET.LiveSync.Tests/DemoViewer.NET.LiveSync.Tests.csproj"/>
    </Folder>
    <Folder Name="/src/Visualization/">
        <Project Path="src/Visualization/DemoViewer.NET.Visualization/DemoViewer.NET.Visualization.csproj"/>
        <Project
                Path="src/Visualization/DemoViewer.NET.Visualization.Sample/DemoViewer.NET.Visualization.Sample.csproj"/>
        <Project Path="src/Visualization/DemoViewer.NET.Visualization.Tests/DemoViewer.NET.Visualization.Tests.csproj"/>
    </Folder>
    <Folder Name="/tools/">
        <Project Path="tools/AnalysisBench/AnalysisBench.csproj"/>
        <Project Path="tools/DemoViewer.NET.DemoSourceDetails/DemoViewer.NET.DemoSourceDetails.csproj"/>
        <Project Path="tools/DemoViewer.NET.DemoTrimmer/DemoViewer.NET.DemoTrimmer.csproj"/>
        <Project Path="tools/DemoViewer.NET.DemoTrimmer.Tests/DemoViewer.NET.DemoTrimmer.Tests.csproj"/>
        <Project Path="tools/DemoViewer.NET.AssetBaker/DemoViewer.NET.AssetBaker.csproj"/>
        <Project Path="tools/DemoViewer.NET.Codegen/DemoViewer.NET.Codegen.csproj"/>
        <Project Path="tools/DemoViewer.NET.RulesCatalog/DemoViewer.NET.RulesCatalog.csproj"/>
        <Project Path="tools/EntityMicroBench/EntityMicroBench.csproj"/>
    </Folder>
</Solution>
